
Microsoft Visual Studio Solution File, Format Version 12.00
# Visual Studio Version 17
VisualStudioVersion = 17.2.32519.379
MinimumVisualStudioVersion = 10.0.40219.1
Project("{9A19103F-16F7-4668-BE54-9A1E7A4F7556}") = "framework-leads-webapi", "framework-leads-webapi\framework-leads-webapi.csproj", "{28A4127D-D616-4A72-B098-556FCF6ECCEE}"
EndProject
Project("{9A19103F-16F7-4668-BE54-9A1E7A4F7556}") = "framework-leads-domain-leads", "framework-leads-domain-leads\framework-leads-domain-leads.csproj", "{7A8402A0-F15B-44EB-9638-94178841C488}"
EndProject
Project("{9A19103F-16F7-4668-BE54-9A1E7A4F7556}") = "framework-leads-infrastructure", "framework-leads-infrastructure\framework-leads-infrastructure.csproj", "{04CB93D7-0679-47C3-985D-D0F454B6DDC9}"
EndProject
Project("{FAE04EC0-301F-11D3-BF4B-00C04F79EFBC}") = "framework-leads-testing", "framework-leads-testing\framework-leads-testing.csproj", "{72D27662-EE54-470E-B79D-F48F536B3DDE}"
EndProject
Global
	GlobalSection(SolutionConfigurationPlatforms) = preSolution
		Debug|Any CPU = Debug|Any CPU
		Release|Any CPU = Release|Any CPU
	EndGlobalSection
	GlobalSection(ProjectConfigurationPlatforms) = postSolution
		{28A4127D-D616-4A72-B098-556FCF6ECCEE}.Debug|Any CPU.ActiveCfg = Debug|Any CPU
		{28A4127D-D616-4A72-B098-556FCF6ECCEE}.Debug|Any CPU.Build.0 = Debug|Any CPU
		{28A4127D-D616-4A72-B098-556FCF6ECCEE}.Release|Any CPU.ActiveCfg = Release|Any CPU
		{28A4127D-D616-4A72-B098-556FCF6ECCEE}.Release|Any CPU.Build.0 = Release|Any CPU
		{7A8402A0-F15B-44EB-9638-94178841C488}.Debug|Any CPU.ActiveCfg = Debug|Any CPU
		{7A8402A0-F15B-44EB-9638-94178841C488}.Debug|Any CPU.Build.0 = Debug|Any CPU
		{7A8402A0-F15B-44EB-9638-94178841C488}.Release|Any CPU.ActiveCfg = Release|Any CPU
		{7A8402A0-F15B-44EB-9638-94178841C488}.Release|Any CPU.Build.0 = Release|Any CPU
		{04CB93D7-0679-47C3-985D-D0F454B6DDC9}.Debug|Any CPU.ActiveCfg = Debug|Any CPU
		{04CB93D7-0679-47C3-985D-D0F454B6DDC9}.Debug|Any CPU.Build.0 = Debug|Any CPU
		{04CB93D7-0679-47C3-985D-D0F454B6DDC9}.Release|Any CPU.ActiveCfg = Release|Any CPU
		{04CB93D7-0679-47C3-985D-D0F454B6DDC9}.Release|Any CPU.Build.0 = Release|Any CPU
		{72D27662-EE54-470E-B79D-F48F536B3DDE}.Debug|Any CPU.ActiveCfg = Debug|Any CPU
		{72D27662-EE54-470E-B79D-F48F536B3DDE}.Debug|Any CPU.Build.0 = Debug|Any CPU
		{72D27662-EE54-470E-B79D-F48F536B3DDE}.Release|Any CPU.ActiveCfg = Release|Any CPU
		{72D27662-EE54-470E-B79D-F48F536B3DDE}.Release|Any CPU.Build.0 = Release|Any CPU
	EndGlobalSection
	GlobalSection(SolutionProperties) = preSolution
		HideSolutionNode = FALSE
	EndGlobalSection
	GlobalSection(ExtensibilityGlobals) = postSolution
		SolutionGuid = {1A541119-A8C8-45A3-BA5E-AA055498AEE9}
	EndGlobalSection
EndGlobal
